
Microsoft Visual Studio Solution File, Format Version 12.00
# Visual Studio Version 17
VisualStudioVersion = 17.11.35222.181
MinimumVisualStudioVersion = 10.0.40219.1
Project("{8BC9CEB8-8B4A-11D0-8D11-00A0C91BC942}") = "GateServer", "GateServer\GateServer.vcxproj", "{5C572192-D5F1-4EC6-94AF-642BA36B001B}"
EndProject
Global
	GlobalSection(SolutionConfigurationPlatforms) = preSolution
		Debug|x64 = Debug|x64
		Debug|x86 = Debug|x86
		Release|x64 = Release|x64
		Release|x86 = Release|x86
	EndGlobalSection
	GlobalSection(ProjectConfigurationPlatforms) = postSolution
		{5C572192-D5F1-4EC6-94AF-642BA36B001B}.Debug|x64.ActiveCfg = Debug|x64
		{5C572192-D5F1-4EC6-94AF-642BA36B001B}.Debug|x64.Build.0 = Debug|x64
		{5C572192-D5F1-4EC6-94AF-642BA36B001B}.Debug|x86.ActiveCfg = Debug|Win32
		{5C572192-D5F1-4EC6-94AF-642BA36B001B}.Debug|x86.Build.0 = Debug|Win32
		{5C572192-D5F1-4EC6-94AF-642BA36B001B}.Release|x64.ActiveCfg = Release|x64
		{5C572192-D5F1-4EC6-94AF-642BA36B001B}.Release|x64.Build.0 = Release|x64
		{5C572192-D5F1-4EC6-94AF-642BA36B001B}.Release|x86.ActiveCfg = Release|Win32
		{5C572192-D5F1-4EC6-94AF-642BA36B001B}.Release|x86.Build.0 = Release|Win32
	EndGlobalSection
	GlobalSection(SolutionProperties) = preSolution
		HideSolutionNode = FALSE
	EndGlobalSection
	GlobalSection(ExtensibilityGlobals) = postSolution
		SolutionGuid = {DE716ED7-963E-4F1C-BCBD-85E8395BBB3D}
	EndGlobalSection
EndGlobal
